
Microsoft Visual Studio Solution File, Format Version 12.00
# Visual Studio Version 17
VisualStudioVersion = 17.10.34928.147
MinimumVisualStudioVersion = 10.0.40219.1
Project("{9A19103F-16F7-4668-BE54-9A1E7A4F7556}") = "Calculator.Backend", "calculator-backend\Calculator.Backend.csproj", "{60540B2B-FE10-47A5-80F9-6FE4122FE5A2}"
EndProject
Project("{FAE04EC0-301F-11D3-BF4B-00C04F79EFBC}") = "Calculator.Backend.Test", "Calculator.Backend.Test\Calculator.Backend.Test.csproj", "{75D635DF-9B26-402D-B810-5AFD66AA8FAF}"
EndProject
Global
	GlobalSection(SolutionConfigurationPlatforms) = preSolution
		Debug|Any CPU = Debug|Any CPU
		Release|Any CPU = Release|Any CPU
	EndGlobalSection
	GlobalSection(ProjectConfigurationPlatforms) = postSolution
		{60540B2B-FE10-47A5-80F9-6FE4122FE5A2}.Debug|Any CPU.ActiveCfg = Debug|Any CPU
		{60540B2B-FE10-47A5-80F9-6FE4122FE5A2}.Debug|Any CPU.Build.0 = Debug|Any CPU
		{60540B2B-FE10-47A5-80F9-6FE4122FE5A2}.Release|Any CPU.ActiveCfg = Release|Any CPU
		{60540B2B-FE10-47A5-80F9-6FE4122FE5A2}.Release|Any CPU.Build.0 = Release|Any CPU
		{75D635DF-9B26-402D-B810-5AFD66AA8FAF}.Debug|Any CPU.ActiveCfg = Debug|Any CPU
		{75D635DF-9B26-402D-B810-5AFD66AA8FAF}.Debug|Any CPU.Build.0 = Debug|Any CPU
		{75D635DF-9B26-402D-B810-5AFD66AA8FAF}.Release|Any CPU.ActiveCfg = Release|Any CPU
		{75D635DF-9B26-402D-B810-5AFD66AA8FAF}.Release|Any CPU.Build.0 = Release|Any CPU
	EndGlobalSection
	GlobalSection(SolutionProperties) = preSolution
		HideSolutionNode = FALSE
	EndGlobalSection
	GlobalSection(ExtensibilityGlobals) = postSolution
		SolutionGuid = {63F3A11D-AA3A-40D2-8E8A-01F0E5CA5E2F}
	EndGlobalSection
EndGlobal
